
Microsoft Visual Studio Solution File, Format Version 12.00
# Visual Studio 15
VisualStudioVersion = 15.0.27703.2000
MinimumVisualStudioVersion = 10.0.40219.1
Project("{2150E333-8FDC-42A3-9474-1A3956D46DE8}") = "src", "src", "{FD985B8A-4693-4624-ABFD-3A785326F68A}"
EndProject
Project("{9A19103F-16F7-4668-BE54-9A1E7A4F7556}") = "Crispy.Abstractions", "src\Crispy.Abstractions\Crispy.Abstractions.csproj", "{86D39A30-3B4A-4CCE-9CA3-86948A1A79E5}"
EndProject
Project("{9A19103F-16F7-4668-BE54-9A1E7A4F7556}") = "Crispy.Services", "src\Crispy.Services\Crispy.Services.csproj", "{B730497B-15B9-4478-B0C7-72522D66F416}"
EndProject
Project("{9A19103F-16F7-4668-BE54-9A1E7A4F7556}") = "Crispy.Client", "src\Crispy.Client\Crispy.Client.csproj", "{2546FA92-363A-49E9-9BE4-34E32A15DCF1}"
EndProject
Project("{9A19103F-16F7-4668-BE54-9A1E7A4F7556}") = "Crispy.AdminApi.Host", "src\Crispy.AdminApi.Host\Crispy.AdminApi.Host.csproj", "{B624A1FE-763E-4AFC-96E4-7F6339AB671B}"
EndProject
Project("{9A19103F-16F7-4668-BE54-9A1E7A4F7556}") = "Crispy.Api.Host", "src\Crispy.Api.Host\Crispy.Api.Host.csproj", "{DBDE6188-36D2-4D21-9E1B-1586AB55FD08}"
EndProject
Project("{9A19103F-16F7-4668-BE54-9A1E7A4F7556}") = "Crispy.EntityFramework", "src\Crispy.EntityFramework\Crispy.EntityFramework.csproj", "{0D50271F-1C4A-4721-AE22-4FC0D2BDB38C}"
EndProject
Project("{2150E333-8FDC-42A3-9474-1A3956D46DE8}") = "hosts", "hosts", "{FCCC2B7D-2DD2-4C6D-B186-4F47CBA9EB5B}"
EndProject
Project("{9A19103F-16F7-4668-BE54-9A1E7A4F7556}") = "Crispy.Api.Controllers", "src\Crispy.Api.Controllers\Crispy.Api.Controllers.csproj", "{006C1B96-2FB1-4539-92ED-3920347786B3}"
EndProject
Project("{9A19103F-16F7-4668-BE54-9A1E7A4F7556}") = "Crispy.AdminApi.Controllers", "src\Crispy.AdminApi.Controllers\Crispy.AdminApi.Controllers.csproj", "{5E9B170A-E17F-4CA3-9327-C0EFC859D051}"
EndProject
Project("{2150E333-8FDC-42A3-9474-1A3956D46DE8}") = "build", "build", "{048BA83D-D9E9-426A-A538-6E2A50DF8BB9}"
	ProjectSection(SolutionItems) = preProject
		dropdb.bat = dropdb.bat
		migrations.bat = migrations.bat
		updatedb.bat = updatedb.bat
	EndProjectSection
EndProject
Global
	GlobalSection(SolutionConfigurationPlatforms) = preSolution
		Debug|Any CPU = Debug|Any CPU
		Release|Any CPU = Release|Any CPU
	EndGlobalSection
	GlobalSection(ProjectConfigurationPlatforms) = postSolution
		{86D39A30-3B4A-4CCE-9CA3-86948A1A79E5}.Debug|Any CPU.ActiveCfg = Debug|Any CPU
		{86D39A30-3B4A-4CCE-9CA3-86948A1A79E5}.Debug|Any CPU.Build.0 = Debug|Any CPU
		{86D39A30-3B4A-4CCE-9CA3-86948A1A79E5}.Release|Any CPU.ActiveCfg = Release|Any CPU
		{86D39A30-3B4A-4CCE-9CA3-86948A1A79E5}.Release|Any CPU.Build.0 = Release|Any CPU
		{B730497B-15B9-4478-B0C7-72522D66F416}.Debug|Any CPU.ActiveCfg = Debug|Any CPU
		{B730497B-15B9-4478-B0C7-72522D66F416}.Debug|Any CPU.Build.0 = Debug|Any CPU
		{B730497B-15B9-4478-B0C7-72522D66F416}.Release|Any CPU.ActiveCfg = Release|Any CPU
		{B730497B-15B9-4478-B0C7-72522D66F416}.Release|Any CPU.Build.0 = Release|Any CPU
		{2546FA92-363A-49E9-9BE4-34E32A15DCF1}.Debug|Any CPU.ActiveCfg = Debug|Any CPU
		{2546FA92-363A-49E9-9BE4-34E32A15DCF1}.Debug|Any CPU.Build.0 = Debug|Any CPU
		{2546FA92-363A-49E9-9BE4-34E32A15DCF1}.Release|Any CPU.ActiveCfg = Release|Any CPU
		{2546FA92-363A-49E9-9BE4-34E32A15DCF1}.Release|Any CPU.Build.0 = Release|Any CPU
		{B624A1FE-763E-4AFC-96E4-7F6339AB671B}.Debug|Any CPU.ActiveCfg = Debug|Any CPU
		{B624A1FE-763E-4AFC-96E4-7F6339AB671B}.Debug|Any CPU.Build.0 = Debug|Any CPU
		{B624A1FE-763E-4AFC-96E4-7F6339AB671B}.Release|Any CPU.ActiveCfg = Release|Any CPU
		{B624A1FE-763E-4AFC-96E4-7F6339AB671B}.Release|Any CPU.Build.0 = Release|Any CPU
		{DBDE6188-36D2-4D21-9E1B-1586AB55FD08}.Debug|Any CPU.ActiveCfg = Debug|Any CPU
		{DBDE6188-36D2-4D21-9E1B-1586AB55FD08}.Debug|Any CPU.Build.0 = Debug|Any CPU
		{DBDE6188-36D2-4D21-9E1B-1586AB55FD08}.Release|Any CPU.ActiveCfg = Release|Any CPU
		{DBDE6188-36D2-4D21-9E1B-1586AB55FD08}.Release|Any CPU.Build.0 = Release|Any CPU
		{0D50271F-1C4A-4721-AE22-4FC0D2BDB38C}.Debug|Any CPU.ActiveCfg = Debug|Any CPU
		{0D50271F-1C4A-4721-AE22-4FC0D2BDB38C}.Debug|Any CPU.Build.0 = Debug|Any CPU
		{0D50271F-1C4A-4721-AE22-4FC0D2BDB38C}.Release|Any CPU.ActiveCfg = Release|Any CPU
		{0D50271F-1C4A-4721-AE22-4FC0D2BDB38C}.Release|Any CPU.Build.0 = Release|Any CPU
		{006C1B96-2FB1-4539-92ED-3920347786B3}.Debug|Any CPU.ActiveCfg = Debug|Any CPU
		{006C1B96-2FB1-4539-92ED-3920347786B3}.Debug|Any CPU.Build.0 = Debug|Any CPU
		{006C1B96-2FB1-4539-92ED-3920347786B3}.Release|Any CPU.ActiveCfg = Release|Any CPU
		{006C1B96-2FB1-4539-92ED-3920347786B3}.Release|Any CPU.Build.0 = Release|Any CPU
		{5E9B170A-E17F-4CA3-9327-C0EFC859D051}.Debug|Any CPU.ActiveCfg = Debug|Any CPU
		{5E9B170A-E17F-4CA3-9327-C0EFC859D051}.Debug|Any CPU.Build.0 = Debug|Any CPU
		{5E9B170A-E17F-4CA3-9327-C0EFC859D051}.Release|Any CPU.ActiveCfg = Release|Any CPU
		{5E9B170A-E17F-4CA3-9327-C0EFC859D051}.Release|Any CPU.Build.0 = Release|Any CPU
	EndGlobalSection
	GlobalSection(SolutionProperties) = preSolution
		HideSolutionNode = FALSE
	EndGlobalSection
	GlobalSection(NestedProjects) = preSolution
		{86D39A30-3B4A-4CCE-9CA3-86948A1A79E5} = {FD985B8A-4693-4624-ABFD-3A785326F68A}
		{B730497B-15B9-4478-B0C7-72522D66F416} = {FD985B8A-4693-4624-ABFD-3A785326F68A}
		{2546FA92-363A-49E9-9BE4-34E32A15DCF1} = {FD985B8A-4693-4624-ABFD-3A785326F68A}
		{B624A1FE-763E-4AFC-96E4-7F6339AB671B} = {FCCC2B7D-2DD2-4C6D-B186-4F47CBA9EB5B}
		{DBDE6188-36D2-4D21-9E1B-1586AB55FD08} = {FCCC2B7D-2DD2-4C6D-B186-4F47CBA9EB5B}
		{0D50271F-1C4A-4721-AE22-4FC0D2BDB38C} = {FD985B8A-4693-4624-ABFD-3A785326F68A}
		{FCCC2B7D-2DD2-4C6D-B186-4F47CBA9EB5B} = {FD985B8A-4693-4624-ABFD-3A785326F68A}
		{006C1B96-2FB1-4539-92ED-3920347786B3} = {FD985B8A-4693-4624-ABFD-3A785326F68A}
		{5E9B170A-E17F-4CA3-9327-C0EFC859D051} = {FD985B8A-4693-4624-ABFD-3A785326F68A}
	EndGlobalSection
	GlobalSection(ExtensibilityGlobals) = postSolution
		SolutionGuid = {53EF6E40-6D83-41F4-8C0F-A26465DE12A7}
	EndGlobalSection
EndGlobal
